
Microsoft Visual Studio Solution File, Format Version 12.00
# Visual Studio Version 16
VisualStudioVersion = 16.0.30907.101
MinimumVisualStudioVersion = 10.0.40219.1
Project("{FAE04EC0-301F-11D3-BF4B-00C04F79EFBC}") = "At2 Sprint 2", "At2 Sprint 2\At2 Sprint 2.csproj", "{727A215C-9DBB-4BC4-A5F4-2400B4D16F6D}"
EndProject
Global
	GlobalSection(SolutionConfigurationPlatforms) = preSolution
		Debug|Any CPU = Debug|Any CPU
		Release|Any CPU = Release|Any CPU
	EndGlobalSection
	GlobalSection(ProjectConfigurationPlatforms) = postSolution
		{727A215C-9DBB-4BC4-A5F4-2400B4D16F6D}.Debug|Any CPU.ActiveCfg = Debug|Any CPU
		{727A215C-9DBB-4BC4-A5F4-2400B4D16F6D}.Debug|Any CPU.Build.0 = Debug|Any CPU
		{727A215C-9DBB-4BC4-A5F4-2400B4D16F6D}.Release|Any CPU.ActiveCfg = Release|Any CPU
		{727A215C-9DBB-4BC4-A5F4-2400B4D16F6D}.Release|Any CPU.Build.0 = Release|Any CPU
	EndGlobalSection
	GlobalSection(SolutionProperties) = preSolution
		HideSolutionNode = FALSE
	EndGlobalSection
	GlobalSection(ExtensibilityGlobals) = postSolution
		SolutionGuid = {730F1AD2-3A9B-49B6-AD6E-E8EA2E37FAC1}
	EndGlobalSection
EndGlobal
